# CPU/demo environment verified on Python 3.12.10, Windows, 2026-08-23.
# Install with: python -m pip install -r requirements.lock
# The separate Linux/Python 3.12 GPU direct pins live in scripts/training-requirements.txt.
annotated-types==0.8.0
colorama==0.4.6
iniconfig==2.3.0
packaging==26.3
Pillow==12.3.0
pluggy==1.6.0
pydantic==2.13.4
pydantic_core==2.46.4
Pygments==2.21.0
pytest==9.1.1
PyYAML==6.0.3
typing_extensions==4.16.0
typing-inspection==0.4.4
